
Microsoft Visual Studio Solution File, Format Version 12.00
# Visual Studio Version 17
VisualStudioVersion = 17.0.31903.59
MinimumVisualStudioVersion = 10.0.40219.1
Project("{FAE04EC0-301F-11D3-BF4B-00C04F79EFBC}") = "Cognite.Common", "Cognite.Common\Cognite.Common.csproj", "{284C41F6-9C93-4C71-B223-E0EEEA782DA3}"
EndProject
Project("{FAE04EC0-301F-11D3-BF4B-00C04F79EFBC}") = "Cognite.Configuration", "Cognite.Config\Cognite.Configuration.csproj", "{0B2C5ABD-9B97-4135-955F-8593E39F7FB7}"
EndProject
Project("{FAE04EC0-301F-11D3-BF4B-00C04F79EFBC}") = "Cognite.Extensions", "Cognite.Extensions\Cognite.Extensions.csproj", "{8147C4E8-1B72-422F-9E84-1586FEEA5BB5}"
EndProject
Project("{FAE04EC0-301F-11D3-BF4B-00C04F79EFBC}") = "Cognite.Logging", "Cognite.Logging\Cognite.Logging.csproj", "{FF39092D-134F-4A3F-96B6-D2DDEE8B6575}"
EndProject
Project("{FAE04EC0-301F-11D3-BF4B-00C04F79EFBC}") = "Cognite.Metrics", "Cognite.Metrics\Cognite.Metrics.csproj", "{2DF5F807-BFF2-4A9C-8014-2C7E04F5D6A1}"
EndProject
Project("{FAE04EC0-301F-11D3-BF4B-00C04F79EFBC}") = "Cognite.StateStorage", "Cognite.StateStorage\Cognite.StateStorage.csproj", "{DF9DAEDE-0AFC-4928-A9A5-7CFA4381A576}"
EndProject
Project("{FAE04EC0-301F-11D3-BF4B-00C04F79EFBC}") = "Cognite.Testing", "Cognite.Testing\Cognite.Testing.csproj", "{107DF048-508F-44D5-8CED-3F93478D0DD7}"
EndProject
Project("{FAE04EC0-301F-11D3-BF4B-00C04F79EFBC}") = "ExtractorUtils", "ExtractorUtils\ExtractorUtils.csproj", "{8CC7997A-9EB4-4A44-A18D-DB4F729318AB}"
EndProject
Project("{FAE04EC0-301F-11D3-BF4B-00C04F79EFBC}") = "ExtractorUtils.Test", "ExtractorUtils.Test\ExtractorUtils.Test.csproj", "{01B7AA1C-99A8-4C7D-BD5D-734BB7F1CF11}"
EndProject
Global
	GlobalSection(SolutionConfigurationPlatforms) = preSolution
		Debug|Any CPU = Debug|Any CPU
		Release|Any CPU = Release|Any CPU
	EndGlobalSection
	GlobalSection(SolutionProperties) = preSolution
		HideSolutionNode = FALSE
	EndGlobalSection
	GlobalSection(ProjectConfigurationPlatforms) = postSolution
		{284C41F6-9C93-4C71-B223-E0EEEA782DA3}.Debug|Any CPU.ActiveCfg = Debug|Any CPU
		{284C41F6-9C93-4C71-B223-E0EEEA782DA3}.Debug|Any CPU.Build.0 = Debug|Any CPU
		{284C41F6-9C93-4C71-B223-E0EEEA782DA3}.Release|Any CPU.ActiveCfg = Release|Any CPU
		{284C41F6-9C93-4C71-B223-E0EEEA782DA3}.Release|Any CPU.Build.0 = Release|Any CPU
		{0B2C5ABD-9B97-4135-955F-8593E39F7FB7}.Debug|Any CPU.ActiveCfg = Debug|Any CPU
		{0B2C5ABD-9B97-4135-955F-8593E39F7FB7}.Debug|Any CPU.Build.0 = Debug|Any CPU
		{0B2C5ABD-9B97-4135-955F-8593E39F7FB7}.Release|Any CPU.ActiveCfg = Release|Any CPU
		{0B2C5ABD-9B97-4135-955F-8593E39F7FB7}.Release|Any CPU.Build.0 = Release|Any CPU
		{8147C4E8-1B72-422F-9E84-1586FEEA5BB5}.Debug|Any CPU.ActiveCfg = Debug|Any CPU
		{8147C4E8-1B72-422F-9E84-1586FEEA5BB5}.Debug|Any CPU.Build.0 = Debug|Any CPU
		{8147C4E8-1B72-422F-9E84-1586FEEA5BB5}.Release|Any CPU.ActiveCfg = Release|Any CPU
		{8147C4E8-1B72-422F-9E84-1586FEEA5BB5}.Release|Any CPU.Build.0 = Release|Any CPU
		{FF39092D-134F-4A3F-96B6-D2DDEE8B6575}.Debug|Any CPU.ActiveCfg = Debug|Any CPU
		{FF39092D-134F-4A3F-96B6-D2DDEE8B6575}.Debug|Any CPU.Build.0 = Debug|Any CPU
		{FF39092D-134F-4A3F-96B6-D2DDEE8B6575}.Release|Any CPU.ActiveCfg = Release|Any CPU
		{FF39092D-134F-4A3F-96B6-D2DDEE8B6575}.Release|Any CPU.Build.0 = Release|Any CPU
		{2DF5F807-BFF2-4A9C-8014-2C7E04F5D6A1}.Debug|Any CPU.ActiveCfg = Debug|Any CPU
		{2DF5F807-BFF2-4A9C-8014-2C7E04F5D6A1}.Debug|Any CPU.Build.0 = Debug|Any CPU
		{2DF5F807-BFF2-4A9C-8014-2C7E04F5D6A1}.Release|Any CPU.ActiveCfg = Release|Any CPU
		{2DF5F807-BFF2-4A9C-8014-2C7E04F5D6A1}.Release|Any CPU.Build.0 = Release|Any CPU
		{DF9DAEDE-0AFC-4928-A9A5-7CFA4381A576}.Debug|Any CPU.ActiveCfg = Debug|Any CPU
		{DF9DAEDE-0AFC-4928-A9A5-7CFA4381A576}.Debug|Any CPU.Build.0 = Debug|Any CPU
		{DF9DAEDE-0AFC-4928-A9A5-7CFA4381A576}.Release|Any CPU.ActiveCfg = Release|Any CPU
		{DF9DAEDE-0AFC-4928-A9A5-7CFA4381A576}.Release|Any CPU.Build.0 = Release|Any CPU
		{107DF048-508F-44D5-8CED-3F93478D0DD7}.Debug|Any CPU.ActiveCfg = Debug|Any CPU
		{107DF048-508F-44D5-8CED-3F93478D0DD7}.Debug|Any CPU.Build.0 = Debug|Any CPU
		{107DF048-508F-44D5-8CED-3F93478D0DD7}.Release|Any CPU.ActiveCfg = Release|Any CPU
		{107DF048-508F-44D5-8CED-3F93478D0DD7}.Release|Any CPU.Build.0 = Release|Any CPU
		{8CC7997A-9EB4-4A44-A18D-DB4F729318AB}.Debug|Any CPU.ActiveCfg = Debug|Any CPU
		{8CC7997A-9EB4-4A44-A18D-DB4F729318AB}.Debug|Any CPU.Build.0 = Debug|Any CPU
		{8CC7997A-9EB4-4A44-A18D-DB4F729318AB}.Release|Any CPU.ActiveCfg = Release|Any CPU
		{8CC7997A-9EB4-4A44-A18D-DB4F729318AB}.Release|Any CPU.Build.0 = Release|Any CPU
		{01B7AA1C-99A8-4C7D-BD5D-734BB7F1CF11}.Debug|Any CPU.ActiveCfg = Debug|Any CPU
		{01B7AA1C-99A8-4C7D-BD5D-734BB7F1CF11}.Debug|Any CPU.Build.0 = Debug|Any CPU
		{01B7AA1C-99A8-4C7D-BD5D-734BB7F1CF11}.Release|Any CPU.ActiveCfg = Release|Any CPU
		{01B7AA1C-99A8-4C7D-BD5D-734BB7F1CF11}.Release|Any CPU.Build.0 = Release|Any CPU
	EndGlobalSection
EndGlobal
